
Microsoft Visual Studio Solution File, Format Version 12.00
# Visual Studio Version 16
VisualStudioVersion = 16.0.31004.235
MinimumVisualStudioVersion = 10.0.40219.1
Project("{FAE04EC0-301F-11D3-BF4B-00C04F79EFBC}") = "PictureStore.Web.Api", "PictureStore.Web.Api\PictureStore.Web.Api.csproj", "{C606AE0E-DCA2-4892-8A14-6730F2934B8C}"
EndProject
Global
	GlobalSection(SolutionConfigurationPlatforms) = preSolution
		Debug|Any CPU = Debug|Any CPU
		Release|Any CPU = Release|Any CPU
	EndGlobalSection
	GlobalSection(ProjectConfigurationPlatforms) = postSolution
		{C606AE0E-DCA2-4892-8A14-6730F2934B8C}.Debug|Any CPU.ActiveCfg = Debug|Any CPU
		{C606AE0E-DCA2-4892-8A14-6730F2934B8C}.Debug|Any CPU.Build.0 = Debug|Any CPU
		{C606AE0E-DCA2-4892-8A14-6730F2934B8C}.Release|Any CPU.ActiveCfg = Release|Any CPU
		{C606AE0E-DCA2-4892-8A14-6730F2934B8C}.Release|Any CPU.Build.0 = Release|Any CPU
	EndGlobalSection
	GlobalSection(SolutionProperties) = preSolution
		HideSolutionNode = FALSE
	EndGlobalSection
	GlobalSection(ExtensibilityGlobals) = postSolution
		SolutionGuid = {F29328C6-F89A-4EFD-AD3B-310881A1BAB1}
	EndGlobalSection
EndGlobal
