
Microsoft Visual Studio Solution File, Format Version 12.00
# Visual Studio Version 16
VisualStudioVersion = 16.0.31004.235
MinimumVisualStudioVersion = 10.0.40219.1
Project("{FAE04EC0-301F-11D3-BF4B-00C04F79EFBC}") = "PictureStore", "PictureStore\PictureStore.csproj", "{77CC2F75-1DAC-4B15-934D-8FB6FB0CBD0D}"
EndProject
Global
	GlobalSection(SolutionConfigurationPlatforms) = preSolution
		Debug|Any CPU = Debug|Any CPU
		Release|Any CPU = Release|Any CPU
	EndGlobalSection
	GlobalSection(ProjectConfigurationPlatforms) = postSolution
		{77CC2F75-1DAC-4B15-934D-8FB6FB0CBD0D}.Debug|Any CPU.ActiveCfg = Debug|Any CPU
		{77CC2F75-1DAC-4B15-934D-8FB6FB0CBD0D}.Debug|Any CPU.Build.0 = Debug|Any CPU
		{77CC2F75-1DAC-4B15-934D-8FB6FB0CBD0D}.Release|Any CPU.ActiveCfg = Release|Any CPU
		{77CC2F75-1DAC-4B15-934D-8FB6FB0CBD0D}.Release|Any CPU.Build.0 = Release|Any CPU
	EndGlobalSection
	GlobalSection(SolutionProperties) = preSolution
		HideSolutionNode = FALSE
	EndGlobalSection
	GlobalSection(ExtensibilityGlobals) = postSolution
		SolutionGuid = {F29328C6-F89A-4EFD-AD3B-310881A1BAB1}
	EndGlobalSection
EndGlobal
